
Microsoft Visual Studio Solution File, Format Version 12.00
# Visual Studio Version 17
VisualStudioVersion = 17.3.32819.101
MinimumVisualStudioVersion = 10.0.40219.1
Project("{9A19103F-16F7-4668-BE54-9A1E7A4F7556}") = "WiredBrainCoffee.StorageApp", "WiredBrainCoffee.StorageApp.csproj", "{7489D510-F4A5-4BF1-9999-D009E3F07961}"
EndProject
Global
	GlobalSection(SolutionConfigurationPlatforms) = preSolution
		Debug|Any CPU = Debug|Any CPU
		Release|Any CPU = Release|Any CPU
	EndGlobalSection
	GlobalSection(ProjectConfigurationPlatforms) = postSolution
		{7489D510-F4A5-4BF1-9999-D009E3F07961}.Debug|Any CPU.ActiveCfg = Debug|Any CPU
		{7489D510-F4A5-4BF1-9999-D009E3F07961}.Debug|Any CPU.Build.0 = Debug|Any CPU
		{7489D510-F4A5-4BF1-9999-D009E3F07961}.Release|Any CPU.ActiveCfg = Release|Any CPU
		{7489D510-F4A5-4BF1-9999-D009E3F07961}.Release|Any CPU.Build.0 = Release|Any CPU
	EndGlobalSection
	GlobalSection(SolutionProperties) = preSolution
		HideSolutionNode = FALSE
	EndGlobalSection
	GlobalSection(ExtensibilityGlobals) = postSolution
		SolutionGuid = {F98659DD-F0A8-42F4-B9FC-39E9C14096E3}
	EndGlobalSection
EndGlobal
